
Microsoft Visual Studio Solution File, Format Version 12.00
Project("{FAE04EC0-301F-11D3-BF4B-00C04F79EFBC}") = "Ecommerce.WebAPI", "Ecommerce.WebAPI\Ecommerce.WebAPI.csproj", "{9CFFA78E-9BC9-44C3-9D73-9476C83E01D0}"
EndProject
Project("{FAE04EC0-301F-11D3-BF4B-00C04F79EFBC}") = "Ecommerce.WebAPI.Tests", "Ecommerce.WebAPI.Tests\Ecommerce.WebAPI.Tests.csproj", "{89FC03E9-F110-448E-B950-A8F67B5691C9}"
EndProject
Global
	GlobalSection(SolutionConfigurationPlatforms) = preSolution
		Debug|Any CPU = Debug|Any CPU
		Debug|x64 = Debug|x64
		Debug|x86 = Debug|x86
		Release|Any CPU = Release|Any CPU
		Release|x64 = Release|x64
		Release|x86 = Release|x86
	EndGlobalSection
	GlobalSection(ProjectConfigurationPlatforms) = postSolution
		{9CFFA78E-9BC9-44C3-9D73-9476C83E01D0}.Debug|Any CPU.ActiveCfg = Debug|Any CPU
		{9CFFA78E-9BC9-44C3-9D73-9476C83E01D0}.Debug|Any CPU.Build.0 = Debug|Any CPU
		{9CFFA78E-9BC9-44C3-9D73-9476C83E01D0}.Debug|x64.ActiveCfg = Debug|Any CPU
		{9CFFA78E-9BC9-44C3-9D73-9476C83E01D0}.Debug|x64.Build.0 = Debug|Any CPU
		{9CFFA78E-9BC9-44C3-9D73-9476C83E01D0}.Debug|x86.ActiveCfg = Debug|Any CPU
		{9CFFA78E-9BC9-44C3-9D73-9476C83E01D0}.Debug|x86.Build.0 = Debug|Any CPU
		{9CFFA78E-9BC9-44C3-9D73-9476C83E01D0}.Release|Any CPU.ActiveCfg = Release|Any CPU
		{9CFFA78E-9BC9-44C3-9D73-9476C83E01D0}.Release|Any CPU.Build.0 = Release|Any CPU
		{9CFFA78E-9BC9-44C3-9D73-9476C83E01D0}.Release|x64.ActiveCfg = Release|Any CPU
		{9CFFA78E-9BC9-44C3-9D73-9476C83E01D0}.Release|x64.Build.0 = Release|Any CPU
		{9CFFA78E-9BC9-44C3-9D73-9476C83E01D0}.Release|x86.ActiveCfg = Release|Any CPU
		{9CFFA78E-9BC9-44C3-9D73-9476C83E01D0}.Release|x86.Build.0 = Release|Any CPU
		{89FC03E9-F110-448E-B950-A8F67B5691C9}.Debug|Any CPU.ActiveCfg = Debug|Any CPU
		{89FC03E9-F110-448E-B950-A8F67B5691C9}.Debug|Any CPU.Build.0 = Debug|Any CPU
		{89FC03E9-F110-448E-B950-A8F67B5691C9}.Debug|x64.ActiveCfg = Debug|Any CPU
		{89FC03E9-F110-448E-B950-A8F67B5691C9}.Debug|x64.Build.0 = Debug|Any CPU
		{89FC03E9-F110-448E-B950-A8F67B5691C9}.Debug|x86.ActiveCfg = Debug|Any CPU
		{89FC03E9-F110-448E-B950-A8F67B5691C9}.Debug|x86.Build.0 = Debug|Any CPU
		{89FC03E9-F110-448E-B950-A8F67B5691C9}.Release|Any CPU.ActiveCfg = Release|Any CPU
		{89FC03E9-F110-448E-B950-A8F67B5691C9}.Release|Any CPU.Build.0 = Release|Any CPU
		{89FC03E9-F110-448E-B950-A8F67B5691C9}.Release|x64.ActiveCfg = Release|Any CPU
		{89FC03E9-F110-448E-B950-A8F67B5691C9}.Release|x64.Build.0 = Release|Any CPU
		{89FC03E9-F110-448E-B950-A8F67B5691C9}.Release|x86.ActiveCfg = Release|Any CPU
		{89FC03E9-F110-448E-B950-A8F67B5691C9}.Release|x86.Build.0 = Release|Any CPU
	EndGlobalSection
	GlobalSection(SolutionProperties) = preSolution
		HideSolutionNode = FALSE
	EndGlobalSection
EndGlobal
